
Microsoft Visual Studio Solution File, Format Version 12.00
# Visual Studio 15
VisualStudioVersion = 15.0.28307.1000
MinimumVisualStudioVersion = 10.0.40219.1
Project("{FAE04EC0-301F-11D3-BF4B-00C04F79EFBC}") = "Cliente", "Cliente\Cliente.csproj", "{C5111902-4C0C-43A9-A850-B1AED5B7ADDF}"
EndProject
Project("{FAE04EC0-301F-11D3-BF4B-00C04F79EFBC}") = "Servidor", "Servidor\Servidor.csproj", "{7DC53DA6-940C-43A5-9092-6BEC759825DD}"
EndProject
Project("{FAE04EC0-301F-11D3-BF4B-00C04F79EFBC}") = "ObjetoRemoto", "ObjetoRemoto\ObjetoRemoto.csproj", "{B1263818-6C68-4C91-A931-716BD3C36A4A}"
EndProject
Global
	GlobalSection(SolutionConfigurationPlatforms) = preSolution
		Debug|Any CPU = Debug|Any CPU
		Release|Any CPU = Release|Any CPU
	EndGlobalSection
	GlobalSection(ProjectConfigurationPlatforms) = postSolution
		{C5111902-4C0C-43A9-A850-B1AED5B7ADDF}.Debug|Any CPU.ActiveCfg = Debug|Any CPU
		{C5111902-4C0C-43A9-A850-B1AED5B7ADDF}.Debug|Any CPU.Build.0 = Debug|Any CPU
		{C5111902-4C0C-43A9-A850-B1AED5B7ADDF}.Release|Any CPU.ActiveCfg = Release|Any CPU
		{C5111902-4C0C-43A9-A850-B1AED5B7ADDF}.Release|Any CPU.Build.0 = Release|Any CPU
		{7DC53DA6-940C-43A5-9092-6BEC759825DD}.Debug|Any CPU.ActiveCfg = Debug|Any CPU
		{7DC53DA6-940C-43A5-9092-6BEC759825DD}.Debug|Any CPU.Build.0 = Debug|Any CPU
		{7DC53DA6-940C-43A5-9092-6BEC759825DD}.Release|Any CPU.ActiveCfg = Release|Any CPU
		{7DC53DA6-940C-43A5-9092-6BEC759825DD}.Release|Any CPU.Build.0 = Release|Any CPU
		{B1263818-6C68-4C91-A931-716BD3C36A4A}.Debug|Any CPU.ActiveCfg = Debug|Any CPU
		{B1263818-6C68-4C91-A931-716BD3C36A4A}.Debug|Any CPU.Build.0 = Debug|Any CPU
		{B1263818-6C68-4C91-A931-716BD3C36A4A}.Release|Any CPU.ActiveCfg = Release|Any CPU
		{B1263818-6C68-4C91-A931-716BD3C36A4A}.Release|Any CPU.Build.0 = Release|Any CPU
	EndGlobalSection
	GlobalSection(SolutionProperties) = preSolution
		HideSolutionNode = FALSE
	EndGlobalSection
	GlobalSection(ExtensibilityGlobals) = postSolution
		SolutionGuid = {5702FA91-8680-48F9-BB3D-353526E92DEB}
	EndGlobalSection
EndGlobal
